// !$*UTF8*$!
{
	archiveVersion = 1;
	classes = {
	};
	objectVersion = 56;
	objects = {

/* Begin PBXBuildFile section */
		805F1C512BA10C36004A700E /* AppDelegate.swift in Sources */ = {isa = PBXBuildFile; fileRef = 805F1C502BA10C36004A700E /* AppDelegate.swift */; };
		805F1C532BA10C36004A700E /* SceneDelegate.swift in Sources */ = {isa = PBXBuildFile; fileRef = 805F1C522BA10C36004A700E /* SceneDelegate.swift */; };
		805F1C5A2BA10C38004A700E /* Assets.xcassets in Resources */ = {isa = PBXBuildFile; fileRef = 805F1C592BA10C38004A700E /* Assets.xcassets */; };
		805F1C5D2BA10C38004A700E /* LaunchScreen.storyboard in Resources */ = {isa = PBXBuildFile; fileRef = 805F1C5B2BA10C38004A700E /* LaunchScreen.storyboard */; };
		805F1C682BA10C39004A700E /* TheMovieDBTests.swift in Sources */ = {isa = PBXBuildFile; fileRef = 805F1C672BA10C39004A700E /* TheMovieDBTests.swift */; };
		805F1C722BA10C39004A700E /* TheMovieDBUITests.swift in Sources */ = {isa = PBXBuildFile; fileRef = 805F1C712BA10C39004A700E /* TheMovieDBUITests.swift */; };
		805F1C742BA10C39004A700E /* TheMovieDBUITestsLaunchTests.swift in Sources */ = {isa = PBXBuildFile; fileRef = 805F1C732BA10C39004A700E /* TheMovieDBUITestsLaunchTests.swift */; };
		805F1C892BA10E16004A700E /* AppConfigurationManager.swift in Sources */ = {isa = PBXBuildFile; fileRef = 805F1C882BA10E16004A700E /* AppConfigurationManager.swift */; };
		805F1C8C2BA10E46004A700E /* Loader.swift in Sources */ = {isa = PBXBuildFile; fileRef = 805F1C8B2BA10E46004A700E /* Loader.swift */; };
		805F1C8F2BA10E66004A700E /* UIViewController+Extensions.swift in Sources */ = {isa = PBXBuildFile; fileRef = 805F1C8E2BA10E66004A700E /* UIViewController+Extensions.swift */; };
		805F1C912BA10E82004A700E /* UIColor+Extensions.swift in Sources */ = {isa = PBXBuildFile; fileRef = 805F1C902BA10E82004A700E /* UIColor+Extensions.swift */; };
		805F1C982BA1127F004A700E /* Colors.swift in Sources */ = {isa = PBXBuildFile; fileRef = 805F1C972BA1127F004A700E /* Colors.swift */; };
		805F1C9F2BA114AD004A700E /* HomeViewController.swift in Sources */ = {isa = PBXBuildFile; fileRef = 805F1C9E2BA114AD004A700E /* HomeViewController.swift */; };
		805F1CA22BA11857004A700E /* CacheManager.swift in Sources */ = {isa = PBXBuildFile; fileRef = 805F1CA12BA11857004A700E /* CacheManager.swift */; };
		805F1CA42BA118A5004A700E /* HomePresenter.swift in Sources */ = {isa = PBXBuildFile; fileRef = 805F1CA32BA118A5004A700E /* HomePresenter.swift */; };
		805F1CA62BA118C7004A700E /* HomeInteractor.swift in Sources */ = {isa = PBXBuildFile; fileRef = 805F1CA52BA118C7004A700E /* HomeInteractor.swift */; };
		805F1CA82BA118F2004A700E /* HomeRouter.swift in Sources */ = {isa = PBXBuildFile; fileRef = 805F1CA72BA118F2004A700E /* HomeRouter.swift */; };
		805F1CAA2BA11949004A700E /* HomeModuleBuilder.swift in Sources */ = {isa = PBXBuildFile; fileRef = 805F1CA92BA11949004A700E /* HomeModuleBuilder.swift */; };
		805F1CAC2BA11B04004A700E /* BaseRepository.swift in Sources */ = {isa = PBXBuildFile; fileRef = 805F1CAB2BA11B04004A700E /* BaseRepository.swift */; };
		805F1CB02BA12351004A700E /* Endpoint.swift in Sources */ = {isa = PBXBuildFile; fileRef = 805F1CAF2BA12351004A700E /* Endpoint.swift */; };
		805F1CB22BA1236B004A700E /* HTTPRequestMethod.swift in Sources */ = {isa = PBXBuildFile; fileRef = 805F1CB12BA1236B004A700E /* HTTPRequestMethod.swift */; };
		805F1CB52BA123DA004A700E /* TMDBError.swift in Sources */ = {isa = PBXBuildFile; fileRef = 805F1CB42BA123DA004A700E /* TMDBError.swift */; };
		805F1CB72BA12756004A700E /* DataEndpoint.swift in Sources */ = {isa = PBXBuildFile; fileRef = 805F1CB62BA12756004A700E /* DataEndpoint.swift */; };
		805F1CBB2BA127E3004A700E /* Constants.swift in Sources */ = {isa = PBXBuildFile; fileRef = 805F1CBA2BA127E3004A700E /* Constants.swift */; };
		805F1CC12BA1476D004A700E /* TopRatedResponse.swift in Sources */ = {isa = PBXBuildFile; fileRef = 805F1CC02BA1476D004A700E /* TopRatedResponse.swift */; };
		805F1CC42BA1E610004A700E /* HomeMovieTableViewCell.swift in Sources */ = {isa = PBXBuildFile; fileRef = 805F1CC32BA1E610004A700E /* HomeMovieTableViewCell.swift */; };
		805F1CC82BA1E65C004A700E /* HomeMovieViewModel.swift in Sources */ = {isa = PBXBuildFile; fileRef = 805F1CC72BA1E65C004A700E /* HomeMovieViewModel.swift */; };
/* End PBXBuildFile section */

/* Begin PBXContainerItemProxy section */
		805F1C642BA10C39004A700E /* PBXContainerItemProxy */ = {
			isa = PBXContainerItemProxy;
			containerPortal = 805F1C452BA10C36004A700E /* Project object */;
			proxyType = 1;
			remoteGlobalIDString = 805F1C4C2BA10C36004A700E;
			remoteInfo = TheMovieDB;
		};
		805F1C6E2BA10C39004A700E /* PBXContainerItemProxy */ = {
			isa = PBXContainerItemProxy;
			containerPortal = 805F1C452BA10C36004A700E /* Project object */;
			proxyType = 1;
			remoteGlobalIDString = 805F1C4C2BA10C36004A700E;
			remoteInfo = TheMovieDB;
		};
/* End PBXContainerItemProxy section */

/* Begin PBXFileReference section */
		805F1C4D2BA10C36004A700E /* TheMovieDB.app */ = {isa = PBXFileReference; explicitFileType = wrapper.application; includeInIndex = 0; path = TheMovieDB.app; sourceTree = BUILT_PRODUCTS_DIR; };
		805F1C502BA10C36004A700E /* AppDelegate.swift */ = {isa = PBXFileReference; lastKnownFileType = sourcecode.swift; path = AppDelegate.swift; sourceTree = "<group>"; };
		805F1C522BA10C36004A700E /* SceneDelegate.swift */ = {isa = PBXFileReference; lastKnownFileType = sourcecode.swift; path = SceneDelegate.swift; sourceTree = "<group>"; };
		805F1C592BA10C38004A700E /* Assets.xcassets */ = {isa = PBXFileReference; lastKnownFileType = folder.assetcatalog; path = Assets.xcassets; sourceTree = "<group>"; };
		805F1C5C2BA10C38004A700E /* Base */ = {isa = PBXFileReference; lastKnownFileType = file.storyboard; name = Base; path = Base.lproj/LaunchScreen.storyboard; sourceTree = "<group>"; };
		805F1C5E2BA10C38004A700E /* Info.plist */ = {isa = PBXFileReference; lastKnownFileType = text.plist.xml; path = Info.plist; sourceTree = "<group>"; };
		805F1C632BA10C39004A700E /* TheMovieDBTests.xctest */ = {isa = PBXFileReference; explicitFileType = wrapper.cfbundle; includeInIndex = 0; path = TheMovieDBTests.xctest; sourceTree = BUILT_PRODUCTS_DIR; };
		805F1C672BA10C39004A700E /* TheMovieDBTests.swift */ = {isa = PBXFileReference; lastKnownFileType = sourcecode.swift; path = TheMovieDBTests.swift; sourceTree = "<group>"; };
		805F1C6D2BA10C39004A700E /* TheMovieDBUITests.xctest */ = {isa = PBXFileReference; explicitFileType = wrapper.cfbundle; includeInIndex = 0; path = TheMovieDBUITests.xctest; sourceTree = BUILT_PRODUCTS_DIR; };
		805F1C712BA10C39004A700E /* TheMovieDBUITests.swift */ = {isa = PBXFileReference; lastKnownFileType = sourcecode.swift; path = TheMovieDBUITests.swift; sourceTree = "<group>"; };
		805F1C732BA10C39004A700E /* TheMovieDBUITestsLaunchTests.swift */ = {isa = PBXFileReference; lastKnownFileType = sourcecode.swift; path = TheMovieDBUITestsLaunchTests.swift; sourceTree = "<group>"; };
		805F1C882BA10E16004A700E /* AppConfigurationManager.swift */ = {isa = PBXFileReference; lastKnownFileType = sourcecode.swift; path = AppConfigurationManager.swift; sourceTree = "<group>"; };
		805F1C8B2BA10E46004A700E /* Loader.swift */ = {isa = PBXFileReference; lastKnownFileType = sourcecode.swift; path = Loader.swift; sourceTree = "<group>"; };
		805F1C8E2BA10E66004A700E /* UIViewController+Extensions.swift */ = {isa = PBXFileReference; lastKnownFileType = sourcecode.swift; path = "UIViewController+Extensions.swift"; sourceTree = "<group>"; };
		805F1C902BA10E82004A700E /* UIColor+Extensions.swift */ = {isa = PBXFileReference; lastKnownFileType = sourcecode.swift; path = "UIColor+Extensions.swift"; sourceTree = "<group>"; };
		805F1C972BA1127F004A700E /* Colors.swift */ = {isa = PBXFileReference; lastKnownFileType = sourcecode.swift; path = Colors.swift; sourceTree = "<group>"; };
		805F1C992BA112B6004A700E /* Secrets.xcconfig */ = {isa = PBXFileReference; lastKnownFileType = text.xcconfig; path = Secrets.xcconfig; sourceTree = "<group>"; };
		805F1C9E2BA114AD004A700E /* HomeViewController.swift */ = {isa = PBXFileReference; lastKnownFileType = sourcecode.swift; path = HomeViewController.swift; sourceTree = "<group>"; };
		805F1CA12BA11857004A700E /* CacheManager.swift */ = {isa = PBXFileReference; lastKnownFileType = sourcecode.swift; path = CacheManager.swift; sourceTree = "<group>"; };
		805F1CA32BA118A5004A700E /* HomePresenter.swift */ = {isa = PBXFileReference; lastKnownFileType = sourcecode.swift; path = HomePresenter.swift; sourceTree = "<group>"; };
		805F1CA52BA118C7004A700E /* HomeInteractor.swift */ = {isa = PBXFileReference; lastKnownFileType = sourcecode.swift; path = HomeInteractor.swift; sourceTree = "<group>"; };
		805F1CA72BA118F2004A700E /* HomeRouter.swift */ = {isa = PBXFileReference; lastKnownFileType = sourcecode.swift; path = HomeRouter.swift; sourceTree = "<group>"; };
		805F1CA92BA11949004A700E /* HomeModuleBuilder.swift */ = {isa = PBXFileReference; lastKnownFileType = sourcecode.swift; path = HomeModuleBuilder.swift; sourceTree = "<group>"; };
		805F1CAB2BA11B04004A700E /* BaseRepository.swift */ = {isa = PBXFileReference; lastKnownFileType = sourcecode.swift; path = BaseRepository.swift; sourceTree = "<group>"; };
		805F1CAF2BA12351004A700E /* Endpoint.swift */ = {isa = PBXFileReference; lastKnownFileType = sourcecode.swift; path = Endpoint.swift; sourceTree = "<group>"; };
		805F1CB12BA1236B004A700E /* HTTPRequestMethod.swift */ = {isa = PBXFileReference; lastKnownFileType = sourcecode.swift; path = HTTPRequestMethod.swift; sourceTree = "<group>"; };
		805F1CB42BA123DA004A700E /* TMDBError.swift */ = {isa = PBXFileReference; lastKnownFileType = sourcecode.swift; path = TMDBError.swift; sourceTree = "<group>"; };
		805F1CB62BA12756004A700E /* DataEndpoint.swift */ = {isa = PBXFileReference; lastKnownFileType = sourcecode.swift; path = DataEndpoint.swift; sourceTree = "<group>"; };
		805F1CBA2BA127E3004A700E /* Constants.swift */ = {isa = PBXFileReference; lastKnownFileType = sourcecode.swift; path = Constants.swift; sourceTree = "<group>"; };
		805F1CC02BA1476D004A700E /* TopRatedResponse.swift */ = {isa = PBXFileReference; lastKnownFileType = sourcecode.swift; path = TopRatedResponse.swift; sourceTree = "<group>"; };
		805F1CC32BA1E610004A700E /* HomeMovieTableViewCell.swift */ = {isa = PBXFileReference; lastKnownFileType = sourcecode.swift; path = HomeMovieTableViewCell.swift; sourceTree = "<group>"; };
		805F1CC72BA1E65C004A700E /* HomeMovieViewModel.swift */ = {isa = PBXFileReference; lastKnownFileType = sourcecode.swift; path = HomeMovieViewModel.swift; sourceTree = "<group>"; };
/* End PBXFileReference section */

/* Begin PBXFrameworksBuildPhase section */
		805F1C4A2BA10C36004A700E /* Frameworks */ = {
			isa = PBXFrameworksBuildPhase;
			buildActionMask = 2147483647;
			files = (
			);
			runOnlyForDeploymentPostprocessing = 0;
		};
		805F1C602BA10C39004A700E /* Frameworks */ = {
			isa = PBXFrameworksBuildPhase;
			buildActionMask = 2147483647;
			files = (
			);
			runOnlyForDeploymentPostprocessing = 0;
		};
		805F1C6A2BA10C39004A700E /* Frameworks */ = {
			isa = PBXFrameworksBuildPhase;
			buildActionMask = 2147483647;
			files = (
			);
			runOnlyForDeploymentPostprocessing = 0;
		};
/* End PBXFrameworksBuildPhase section */

/* Begin PBXGroup section */
		805F1C442BA10C36004A700E = {
			isa = PBXGroup;
			children = (
				805F1C992BA112B6004A700E /* Secrets.xcconfig */,
				805F1C4F2BA10C36004A700E /* TheMovieDB */,
				805F1C662BA10C39004A700E /* TheMovieDBTests */,
				805F1C702BA10C39004A700E /* TheMovieDBUITests */,
				805F1C4E2BA10C36004A700E /* Products */,
			);
			sourceTree = "<group>";
		};
		805F1C4E2BA10C36004A700E /* Products */ = {
			isa = PBXGroup;
			children = (
				805F1C4D2BA10C36004A700E /* TheMovieDB.app */,
				805F1C632BA10C39004A700E /* TheMovieDBTests.xctest */,
				805F1C6D2BA10C39004A700E /* TheMovieDBUITests.xctest */,
			);
			name = Products;
			sourceTree = "<group>";
		};
		805F1C4F2BA10C36004A700E /* TheMovieDB */ = {
			isa = PBXGroup;
			children = (
				805F1C502BA10C36004A700E /* AppDelegate.swift */,
				805F1C522BA10C36004A700E /* SceneDelegate.swift */,
				805F1C832BA10CD0004A700E /* Modules */,
				805F1C822BA10CCD004A700E /* Resources */,
				805F1C812BA10CC7004A700E /* Common */,
				805F1C802BA10CB8004A700E /* Network */,
				805F1C5E2BA10C38004A700E /* Info.plist */,
			);
			path = TheMovieDB;
			sourceTree = "<group>";
		};
		805F1C662BA10C39004A700E /* TheMovieDBTests */ = {
			isa = PBXGroup;
			children = (
				805F1C672BA10C39004A700E /* TheMovieDBTests.swift */,
			);
			path = TheMovieDBTests;
			sourceTree = "<group>";
		};
		805F1C702BA10C39004A700E /* TheMovieDBUITests */ = {
			isa = PBXGroup;
			children = (
				805F1C712BA10C39004A700E /* TheMovieDBUITests.swift */,
				805F1C732BA10C39004A700E /* TheMovieDBUITestsLaunchTests.swift */,
			);
			path = TheMovieDBUITests;
			sourceTree = "<group>";
		};
		805F1C802BA10CB8004A700E /* Network */ = {
			isa = PBXGroup;
			children = (
				805F1CBF2BA1475D004A700E /* Models */,
				805F1CB12BA1236B004A700E /* HTTPRequestMethod.swift */,
				805F1CAF2BA12351004A700E /* Endpoint.swift */,
				805F1CB62BA12756004A700E /* DataEndpoint.swift */,
				805F1CAD2BA1233F004A700E /* BaseRepository */,
				805F1CB42BA123DA004A700E /* TMDBError.swift */,
			);
			path = Network;
			sourceTree = "<group>";
		};
		805F1C812BA10CC7004A700E /* Common */ = {
			isa = PBXGroup;
			children = (
				805F1CA02BA11845004A700E /* CacheManager */,
				805F1C8D2BA10E54004A700E /* Utils+Extensions */,
				805F1C872BA10E02004A700E /* AppConfigurationManager */,
				805F1C862BA10D8B004A700E /* Components */,
			);
			path = Common;
			sourceTree = "<group>";
		};
		805F1C822BA10CCD004A700E /* Resources */ = {
			isa = PBXGroup;
			children = (
				805F1C952BA11274004A700E /* DesignSystem */,
				805F1CB92BA127DD004A700E /* Constants */,
				805F1C5B2BA10C38004A700E /* LaunchScreen.storyboard */,
				805F1C592BA10C38004A700E /* Assets.xcassets */,
			);
			path = Resources;
			sourceTree = "<group>";
		};
		805F1C832BA10CD0004A700E /* Modules */ = {
			isa = PBXGroup;
			children = (
				805F1C852BA10CD5004A700E /* Detail */,
				805F1C842BA10CD3004A700E /* Home */,
			);
			path = Modules;
			sourceTree = "<group>";
		};
		805F1C842BA10CD3004A700E /* Home */ = {
			isa = PBXGroup;
			children = (
				805F1CA92BA11949004A700E /* HomeModuleBuilder.swift */,
				805F1C9D2BA113B7004A700E /* Router */,
				805F1C9C2BA113B4004A700E /* Interactor */,
				805F1C9B2BA113B1004A700E /* Presenter */,
				805F1C9A2BA113AF004A700E /* View */,
			);
			path = Home;
			sourceTree = "<group>";
		};
		805F1C852BA10CD5004A700E /* Detail */ = {
			isa = PBXGroup;
			children = (
			);
			path = Detail;
			sourceTree = "<group>";
		};
		805F1C862BA10D8B004A700E /* Components */ = {
			isa = PBXGroup;
			children = (
				805F1C8A2BA10E35004A700E /* Loader */,
			);
			path = Components;
			sourceTree = "<group>";
		};
		805F1C872BA10E02004A700E /* AppConfigurationManager */ = {
			isa = PBXGroup;
			children = (
				805F1C882BA10E16004A700E /* AppConfigurationManager.swift */,
			);
			path = AppConfigurationManager;
			sourceTree = "<group>";
		};
		805F1C8A2BA10E35004A700E /* Loader */ = {
			isa = PBXGroup;
			children = (
				805F1C8B2BA10E46004A700E /* Loader.swift */,
			);
			path = Loader;
			sourceTree = "<group>";
		};
		805F1C8D2BA10E54004A700E /* Utils+Extensions */ = {
			isa = PBXGroup;
			children = (
				805F1C8E2BA10E66004A700E /* UIViewController+Extensions.swift */,
				805F1C902BA10E82004A700E /* UIColor+Extensions.swift */,
			);
			path = "Utils+Extensions";
			sourceTree = "<group>";
		};
		805F1C952BA11274004A700E /* DesignSystem */ = {
			isa = PBXGroup;
			children = (
				805F1C962BA1127A004A700E /* Colors */,
			);
			path = DesignSystem;
			sourceTree = "<group>";
		};
		805F1C962BA1127A004A700E /* Colors */ = {
			isa = PBXGroup;
			children = (
				805F1C972BA1127F004A700E /* Colors.swift */,
			);
			path = Colors;
			sourceTree = "<group>";
		};
		805F1C9A2BA113AF004A700E /* View */ = {
			isa = PBXGroup;
			children = (
				805F1C9E2BA114AD004A700E /* HomeViewController.swift */,
				805F1CC22BA1E5E2004A700E /* Cell */,
			);
			path = View;
			sourceTree = "<group>";
		};
		805F1C9B2BA113B1004A700E /* Presenter */ = {
			isa = PBXGroup;
			children = (
				805F1CA32BA118A5004A700E /* HomePresenter.swift */,
			);
			path = Presenter;
			sourceTree = "<group>";
		};
		805F1C9C2BA113B4004A700E /* Interactor */ = {
			isa = PBXGroup;
			children = (
				805F1CA52BA118C7004A700E /* HomeInteractor.swift */,
			);
			path = Interactor;
			sourceTree = "<group>";
		};
		805F1C9D2BA113B7004A700E /* Router */ = {
			isa = PBXGroup;
			children = (
				805F1CA72BA118F2004A700E /* HomeRouter.swift */,
			);
			path = Router;
			sourceTree = "<group>";
		};
		805F1CA02BA11845004A700E /* CacheManager */ = {
			isa = PBXGroup;
			children = (
				805F1CA12BA11857004A700E /* CacheManager.swift */,
			);
			path = CacheManager;
			sourceTree = "<group>";
		};
		805F1CAD2BA1233F004A700E /* BaseRepository */ = {
			isa = PBXGroup;
			children = (
				805F1CAB2BA11B04004A700E /* BaseRepository.swift */,
			);
			path = BaseRepository;
			sourceTree = "<group>";
		};
		805F1CB92BA127DD004A700E /* Constants */ = {
			isa = PBXGroup;
			children = (
				805F1CBA2BA127E3004A700E /* Constants.swift */,
			);
			path = Constants;
			sourceTree = "<group>";
		};
		805F1CBF2BA1475D004A700E /* Models */ = {
			isa = PBXGroup;
			children = (
				805F1CC02BA1476D004A700E /* TopRatedResponse.swift */,
			);
			path = Models;
			sourceTree = "<group>";
		};
		805F1CC22BA1E5E2004A700E /* Cell */ = {
			isa = PBXGroup;
			children = (
				805F1CC32BA1E610004A700E /* HomeMovieTableViewCell.swift */,
				805F1CC52BA1E648004A700E /* ViewModel */,
			);
			path = Cell;
			sourceTree = "<group>";
		};
		805F1CC52BA1E648004A700E /* ViewModel */ = {
			isa = PBXGroup;
			children = (
				805F1CC72BA1E65C004A700E /* HomeMovieViewModel.swift */,
			);
			path = ViewModel;
			sourceTree = "<group>";
		};
/* End PBXGroup section */

/* Begin PBXNativeTarget section */
		805F1C4C2BA10C36004A700E /* TheMovieDB */ = {
			isa = PBXNativeTarget;
			buildConfigurationList = 805F1C772BA10C39004A700E /* Build configuration list for PBXNativeTarget "TheMovieDB" */;
			buildPhases = (
				805F1C492BA10C36004A700E /* Sources */,
				805F1C4A2BA10C36004A700E /* Frameworks */,
				805F1C4B2BA10C36004A700E /* Resources */,
			);
			buildRules = (
			);
			dependencies = (
			);
			name = TheMovieDB;
			productName = TheMovieDB;
			productReference = 805F1C4D2BA10C36004A700E /* TheMovieDB.app */;
			productType = "com.apple.product-type.application";
		};
		805F1C622BA10C39004A700E /* TheMovieDBTests */ = {
			isa = PBXNativeTarget;
			buildConfigurationList = 805F1C7A2BA10C39004A700E /* Build configuration list for PBXNativeTarget "TheMovieDBTests" */;
			buildPhases = (
				805F1C5F2BA10C39004A700E /* Sources */,
				805F1C602BA10C39004A700E /* Frameworks */,
				805F1C612BA10C39004A700E /* Resources */,
			);
			buildRules = (
			);
			dependencies = (
				805F1C652BA10C39004A700E /* PBXTargetDependency */,
			);
			name = TheMovieDBTests;
			productName = TheMovieDBTests;
			productReference = 805F1C632BA10C39004A700E /* TheMovieDBTests.xctest */;
			productType = "com.apple.product-type.bundle.unit-test";
		};
		805F1C6C2BA10C39004A700E /* TheMovieDBUITests */ = {
			isa = PBXNativeTarget;
			buildConfigurationList = 805F1C7D2BA10C39004A700E /* Build configuration list for PBXNativeTarget "TheMovieDBUITests" */;
			buildPhases = (
				805F1C692BA10C39004A700E /* Sources */,
				805F1C6A2BA10C39004A700E /* Frameworks */,
				805F1C6B2BA10C39004A700E /* Resources */,
			);
			buildRules = (
			);
			dependencies = (
				805F1C6F2BA10C39004A700E /* PBXTargetDependency */,
			);
			name = TheMovieDBUITests;
			productName = TheMovieDBUITests;
			productReference = 805F1C6D2BA10C39004A700E /* TheMovieDBUITests.xctest */;
			productType = "com.apple.product-type.bundle.ui-testing";
		};
/* End PBXNativeTarget section */

/* Begin PBXProject section */
		805F1C452BA10C36004A700E /* Project object */ = {
			isa = PBXProject;
			attributes = {
				BuildIndependentTargetsInParallel = 1;
				LastSwiftUpdateCheck = 1510;
				LastUpgradeCheck = 1510;
				TargetAttributes = {
					805F1C4C2BA10C36004A700E = {
						CreatedOnToolsVersion = 15.1;
					};
					805F1C622BA10C39004A700E = {
						CreatedOnToolsVersion = 15.1;
						TestTargetID = 805F1C4C2BA10C36004A700E;
					};
					805F1C6C2BA10C39004A700E = {
						CreatedOnToolsVersion = 15.1;
						TestTargetID = 805F1C4C2BA10C36004A700E;
					};
				};
			};
			buildConfigurationList = 805F1C482BA10C36004A700E /* Build configuration list for PBXProject "TheMovieDB" */;
			compatibilityVersion = "Xcode 14.0";
			developmentRegion = en;
			hasScannedForEncodings = 0;
			knownRegions = (
				en,
				Base,
			);
			mainGroup = 805F1C442BA10C36004A700E;
			productRefGroup = 805F1C4E2BA10C36004A700E /* Products */;
			projectDirPath = "";
			projectRoot = "";
			targets = (
				805F1C4C2BA10C36004A700E /* TheMovieDB */,
				805F1C622BA10C39004A700E /* TheMovieDBTests */,
				805F1C6C2BA10C39004A700E /* TheMovieDBUITests */,
			);
		};
/* End PBXProject section */

/* Begin PBXResourcesBuildPhase section */
		805F1C4B2BA10C36004A700E /* Resources */ = {
			isa = PBXResourcesBuildPhase;
			buildActionMask = 2147483647;
			files = (
				805F1C5D2BA10C38004A700E /* LaunchScreen.storyboard in Resources */,
				805F1C5A2BA10C38004A700E /* Assets.xcassets in Resources */,
			);
			runOnlyForDeploymentPostprocessing = 0;
		};
		805F1C612BA10C39004A700E /* Resources */ = {
			isa = PBXResourcesBuildPhase;
			buildActionMask = 2147483647;
			files = (
			);
			runOnlyForDeploymentPostprocessing = 0;
		};
		805F1C6B2BA10C39004A700E /* Resources */ = {
			isa = PBXResourcesBuildPhase;
			buildActionMask = 2147483647;
			files = (
			);
			runOnlyForDeploymentPostprocessing = 0;
		};
/* End PBXResourcesBuildPhase section */

/* Begin PBXSourcesBuildPhase section */
		805F1C492BA10C36004A700E /* Sources */ = {
			isa = PBXSourcesBuildPhase;
			buildActionMask = 2147483647;
			files = (
				805F1C512BA10C36004A700E /* AppDelegate.swift in Sources */,
				805F1CBB2BA127E3004A700E /* Constants.swift in Sources */,
				805F1CA82BA118F2004A700E /* HomeRouter.swift in Sources */,
				805F1CA62BA118C7004A700E /* HomeInteractor.swift in Sources */,
				805F1CA22BA11857004A700E /* CacheManager.swift in Sources */,
				805F1CB72BA12756004A700E /* DataEndpoint.swift in Sources */,
				805F1CB02BA12351004A700E /* Endpoint.swift in Sources */,
				805F1C912BA10E82004A700E /* UIColor+Extensions.swift in Sources */,
				805F1CA42BA118A5004A700E /* HomePresenter.swift in Sources */,
				805F1C892BA10E16004A700E /* AppConfigurationManager.swift in Sources */,
				805F1C9F2BA114AD004A700E /* HomeViewController.swift in Sources */,
				805F1CAC2BA11B04004A700E /* BaseRepository.swift in Sources */,
				805F1CC82BA1E65C004A700E /* HomeMovieViewModel.swift in Sources */,
				805F1CAA2BA11949004A700E /* HomeModuleBuilder.swift in Sources */,
				805F1C982BA1127F004A700E /* Colors.swift in Sources */,
				805F1CB22BA1236B004A700E /* HTTPRequestMethod.swift in Sources */,
				805F1CB52BA123DA004A700E /* TMDBError.swift in Sources */,
				805F1C8F2BA10E66004A700E /* UIViewController+Extensions.swift in Sources */,
				805F1CC12BA1476D004A700E /* TopRatedResponse.swift in Sources */,
				805F1CC42BA1E610004A700E /* HomeMovieTableViewCell.swift in Sources */,
				805F1C8C2BA10E46004A700E /* Loader.swift in Sources */,
				805F1C532BA10C36004A700E /* SceneDelegate.swift in Sources */,
			);
			runOnlyForDeploymentPostprocessing = 0;
		};
		805F1C5F2BA10C39004A700E /* Sources */ = {
			isa = PBXSourcesBuildPhase;
			buildActionMask = 2147483647;
			files = (
				805F1C682BA10C39004A700E /* TheMovieDBTests.swift in Sources */,
			);
			runOnlyForDeploymentPostprocessing = 0;
		};
		805F1C692BA10C39004A700E /* Sources */ = {
			isa = PBXSourcesBuildPhase;
			buildActionMask = 2147483647;
			files = (
				805F1C722BA10C39004A700E /* TheMovieDBUITests.swift in Sources */,
				805F1C742BA10C39004A700E /* TheMovieDBUITestsLaunchTests.swift in Sources */,
			);
			runOnlyForDeploymentPostprocessing = 0;
		};
/* End PBXSourcesBuildPhase section */

/* Begin PBXTargetDependency section */
		805F1C652BA10C39004A700E /* PBXTargetDependency */ = {
			isa = PBXTargetDependency;
			target = 805F1C4C2BA10C36004A700E /* TheMovieDB */;
			targetProxy = 805F1C642BA10C39004A700E /* PBXContainerItemProxy */;
		};
		805F1C6F2BA10C39004A700E /* PBXTargetDependency */ = {
			isa = PBXTargetDependency;
			target = 805F1C4C2BA10C36004A700E /* TheMovieDB */;
			targetProxy = 805F1C6E2BA10C39004A700E /* PBXContainerItemProxy */;
		};
/* End PBXTargetDependency section */

/* Begin PBXVariantGroup section */
		805F1C5B2BA10C38004A700E /* LaunchScreen.storyboard */ = {
			isa = PBXVariantGroup;
			children = (
				805F1C5C2BA10C38004A700E /* Base */,
			);
			name = LaunchScreen.storyboard;
			sourceTree = "<group>";
		};
/* End PBXVariantGroup section */

/* Begin XCBuildConfiguration section */
		805F1C752BA10C39004A700E /* Debug */ = {
			isa = XCBuildConfiguration;
			baseConfigurationReference = 805F1C992BA112B6004A700E /* Secrets.xcconfig */;
			buildSettings = {
				ALWAYS_SEARCH_USER_PATHS = NO;
				ASSETCATALOG_COMPILER_GENERATE_SWIFT_ASSET_SYMBOL_EXTENSIONS = YES;
				CLANG_ANALYZER_NONNULL = YES;
				CLANG_ANALYZER_NUMBER_OBJECT_CONVERSION = YES_AGGRESSIVE;
				CLANG_CXX_LANGUAGE_STANDARD = "gnu++20";
				CLANG_ENABLE_MODULES = YES;
				CLANG_ENABLE_OBJC_ARC = YES;
				CLANG_ENABLE_OBJC_WEAK = YES;
				CLANG_WARN_BLOCK_CAPTURE_AUTORELEASING = YES;
				CLANG_WARN_BOOL_CONVERSION = YES;
				CLANG_WARN_COMMA = YES;
				CLANG_WARN_CONSTANT_CONVERSION = YES;
				CLANG_WARN_DEPRECATED_OBJC_IMPLEMENTATIONS = YES;
				CLANG_WARN_DIRECT_OBJC_ISA_USAGE = YES_ERROR;
				CLANG_WARN_DOCUMENTATION_COMMENTS = YES;
				CLANG_WARN_EMPTY_BODY = YES;
				CLANG_WARN_ENUM_CONVERSION = YES;
				CLANG_WARN_INFINITE_RECURSION = YES;
				CLANG_WARN_INT_CONVERSION = YES;
				CLANG_WARN_NON_LITERAL_NULL_CONVERSION = YES;
				CLANG_WARN_OBJC_IMPLICIT_RETAIN_SELF = YES;
				CLANG_WARN_OBJC_LITERAL_CONVERSION = YES;
				CLANG_WARN_OBJC_ROOT_CLASS = YES_ERROR;
				CLANG_WARN_QUOTED_INCLUDE_IN_FRAMEWORK_HEADER = YES;
				CLANG_WARN_RANGE_LOOP_ANALYSIS = YES;
				CLANG_WARN_STRICT_PROTOTYPES = YES;
				CLANG_WARN_SUSPICIOUS_MOVE = YES;
				CLANG_WARN_UNGUARDED_AVAILABILITY = YES_AGGRESSIVE;
				CLANG_WARN_UNREACHABLE_CODE = YES;
				CLANG_WARN__DUPLICATE_METHOD_MATCH = YES;
				COPY_PHASE_STRIP = NO;
				DEBUG_INFORMATION_FORMAT = dwarf;
				ENABLE_STRICT_OBJC_MSGSEND = YES;
				ENABLE_TESTABILITY = YES;
				ENABLE_USER_SCRIPT_SANDBOXING = YES;
				GCC_C_LANGUAGE_STANDARD = gnu17;
				GCC_DYNAMIC_NO_PIC = NO;
				GCC_NO_COMMON_BLOCKS = YES;
				GCC_OPTIMIZATION_LEVEL = 0;
				GCC_PREPROCESSOR_DEFINITIONS = (
					"DEBUG=1",
					"$(inherited)",
				);
				GCC_WARN_64_TO_32_BIT_CONVERSION = YES;
				GCC_WARN_ABOUT_RETURN_TYPE = YES_ERROR;
				GCC_WARN_UNDECLARED_SELECTOR = YES;
				GCC_WARN_UNINITIALIZED_AUTOS = YES_AGGRESSIVE;
				GCC_WARN_UNUSED_FUNCTION = YES;
				GCC_WARN_UNUSED_VARIABLE = YES;
				IPHONEOS_DEPLOYMENT_TARGET = 17.2;
				LOCALIZATION_PREFERS_STRING_CATALOGS = YES;
				MTL_ENABLE_DEBUG_INFO = INCLUDE_SOURCE;
				MTL_FAST_MATH = YES;
				ONLY_ACTIVE_ARCH = YES;
				SDKROOT = iphoneos;
				SWIFT_ACTIVE_COMPILATION_CONDITIONS = "DEBUG $(inherited)";
				SWIFT_OPTIMIZATION_LEVEL = "-Onone";
			};
			name = Debug;
		};
		805F1C762BA10C39004A700E /* Release */ = {
			isa = XCBuildConfiguration;
			baseConfigurationReference = 805F1C992BA112B6004A700E /* Secrets.xcconfig */;
			buildSettings = {
				ALWAYS_SEARCH_USER_PATHS = NO;
				ASSETCATALOG_COMPILER_GENERATE_SWIFT_ASSET_SYMBOL_EXTENSIONS = YES;
				CLANG_ANALYZER_NONNULL = YES;
				CLANG_ANALYZER_NUMBER_OBJECT_CONVERSION = YES_AGGRESSIVE;
				CLANG_CXX_LANGUAGE_STANDARD = "gnu++20";
				CLANG_ENABLE_MODULES = YES;
				CLANG_ENABLE_OBJC_ARC = YES;
				CLANG_ENABLE_OBJC_WEAK = YES;
				CLANG_WARN_BLOCK_CAPTURE_AUTORELEASING = YES;
				CLANG_WARN_BOOL_CONVERSION = YES;
				CLANG_WARN_COMMA = YES;
				CLANG_WARN_CONSTANT_CONVERSION = YES;
				CLANG_WARN_DEPRECATED_OBJC_IMPLEMENTATIONS = YES;
				CLANG_WARN_DIRECT_OBJC_ISA_USAGE = YES_ERROR;
				CLANG_WARN_DOCUMENTATION_COMMENTS = YES;
				CLANG_WARN_EMPTY_BODY = YES;
				CLANG_WARN_ENUM_CONVERSION = YES;
				CLANG_WARN_INFINITE_RECURSION = YES;
				CLANG_WARN_INT_CONVERSION = YES;
				CLANG_WARN_NON_LITERAL_NULL_CONVERSION = YES;
				CLANG_WARN_OBJC_IMPLICIT_RETAIN_SELF = YES;
				CLANG_WARN_OBJC_LITERAL_CONVERSION = YES;
				CLANG_WARN_OBJC_ROOT_CLASS = YES_ERROR;
				CLANG_WARN_QUOTED_INCLUDE_IN_FRAMEWORK_HEADER = YES;
				CLANG_WARN_RANGE_LOOP_ANALYSIS = YES;
				CLANG_WARN_STRICT_PROTOTYPES = YES;
				CLANG_WARN_SUSPICIOUS_MOVE = YES;
				CLANG_WARN_UNGUARDED_AVAILABILITY = YES_AGGRESSIVE;
				CLANG_WARN_UNREACHABLE_CODE = YES;
				CLANG_WARN__DUPLICATE_METHOD_MATCH = YES;
				COPY_PHASE_STRIP = NO;
				DEBUG_INFORMATION_FORMAT = "dwarf-with-dsym";
				ENABLE_NS_ASSERTIONS = NO;
				ENABLE_STRICT_OBJC_MSGSEND = YES;
				ENABLE_USER_SCRIPT_SANDBOXING = YES;
				GCC_C_LANGUAGE_STANDARD = gnu17;
				GCC_NO_COMMON_BLOCKS = YES;
				GCC_WARN_64_TO_32_BIT_CONVERSION = YES;
				GCC_WARN_ABOUT_RETURN_TYPE = YES_ERROR;
				GCC_WARN_UNDECLARED_SELECTOR = YES;
				GCC_WARN_UNINITIALIZED_AUTOS = YES_AGGRESSIVE;
				GCC_WARN_UNUSED_FUNCTION = YES;
				GCC_WARN_UNUSED_VARIABLE = YES;
				IPHONEOS_DEPLOYMENT_TARGET = 17.2;
				LOCALIZATION_PREFERS_STRING_CATALOGS = YES;
				MTL_ENABLE_DEBUG_INFO = NO;
				MTL_FAST_MATH = YES;
				SDKROOT = iphoneos;
				SWIFT_COMPILATION_MODE = wholemodule;
				VALIDATE_PRODUCT = YES;
			};
			name = Release;
		};
		805F1C782BA10C39004A700E /* Debug */ = {
			isa = XCBuildConfiguration;
			buildSettings = {
				ASSETCATALOG_COMPILER_APPICON_NAME = AppIcon;
				ASSETCATALOG_COMPILER_GLOBAL_ACCENT_COLOR_NAME = AccentColor;
				CODE_SIGN_STYLE = Automatic;
				CURRENT_PROJECT_VERSION = 1;
				DEVELOPMENT_TEAM = JV5TZW38D4;
				GENERATE_INFOPLIST_FILE = YES;
				INFOPLIST_FILE = TheMovieDB/Info.plist;
				INFOPLIST_KEY_UIApplicationSupportsIndirectInputEvents = YES;
				INFOPLIST_KEY_UILaunchStoryboardName = LaunchScreen;
				INFOPLIST_KEY_UISupportedInterfaceOrientations_iPad = "UIInterfaceOrientationPortrait UIInterfaceOrientationPortraitUpsideDown UIInterfaceOrientationLandscapeLeft UIInterfaceOrientationLandscapeRight";
				INFOPLIST_KEY_UISupportedInterfaceOrientations_iPhone = "UIInterfaceOrientationPortrait UIInterfaceOrientationLandscapeLeft UIInterfaceOrientationLandscapeRight";
				LD_RUNPATH_SEARCH_PATHS = (
					"$(inherited)",
					"@executable_path/Frameworks",
				);
				MARKETING_VERSION = 1.0;
				PRODUCT_BUNDLE_IDENTIFIER = "a-a.com.TheMovieDB";
				PRODUCT_NAME = "$(TARGET_NAME)";
				SWIFT_EMIT_LOC_STRINGS = YES;
				SWIFT_VERSION = 5.0;
				TARGETED_DEVICE_FAMILY = "1,2";
			};
			name = Debug;
		};
		805F1C792BA10C39004A700E /* Release */ = {
			isa = XCBuildConfiguration;
			buildSettings = {
				ASSETCATALOG_COMPILER_APPICON_NAME = AppIcon;
				ASSETCATALOG_COMPILER_GLOBAL_ACCENT_COLOR_NAME = AccentColor;
				CODE_SIGN_STYLE = Automatic;
				CURRENT_PROJECT_VERSION = 1;
				DEVELOPMENT_TEAM = JV5TZW38D4;
				GENERATE_INFOPLIST_FILE = YES;
				INFOPLIST_FILE = TheMovieDB/Info.plist;
				INFOPLIST_KEY_UIApplicationSupportsIndirectInputEvents = YES;
				INFOPLIST_KEY_UILaunchStoryboardName = LaunchScreen;
				INFOPLIST_KEY_UISupportedInterfaceOrientations_iPad = "UIInterfaceOrientationPortrait UIInterfaceOrientationPortraitUpsideDown UIInterfaceOrientationLandscapeLeft UIInterfaceOrientationLandscapeRight";
				INFOPLIST_KEY_UISupportedInterfaceOrientations_iPhone = "UIInterfaceOrientationPortrait UIInterfaceOrientationLandscapeLeft UIInterfaceOrientationLandscapeRight";
				LD_RUNPATH_SEARCH_PATHS = (
					"$(inherited)",
					"@executable_path/Frameworks",
				);
				MARKETING_VERSION = 1.0;
				PRODUCT_BUNDLE_IDENTIFIER = "a-a.com.TheMovieDB";
				PRODUCT_NAME = "$(TARGET_NAME)";
				SWIFT_EMIT_LOC_STRINGS = YES;
				SWIFT_VERSION = 5.0;
				TARGETED_DEVICE_FAMILY = "1,2";
			};
			name = Release;
		};
		805F1C7B2BA10C39004A700E /* Debug */ = {
			isa = XCBuildConfiguration;
			buildSettings = {
				ALWAYS_EMBED_SWIFT_STANDARD_LIBRARIES = YES;
				BUNDLE_LOADER = "$(TEST_HOST)";
				CODE_SIGN_STYLE = Automatic;
				CURRENT_PROJECT_VERSION = 1;
				DEVELOPMENT_TEAM = JV5TZW38D4;
				GENERATE_INFOPLIST_FILE = YES;
				IPHONEOS_DEPLOYMENT_TARGET = 17.2;
				MARKETING_VERSION = 1.0;
				PRODUCT_BUNDLE_IDENTIFIER = "a-a.com.TheMovieDBTests";
				PRODUCT_NAME = "$(TARGET_NAME)";
				SWIFT_EMIT_LOC_STRINGS = NO;
				SWIFT_VERSION = 5.0;
				TARGETED_DEVICE_FAMILY = "1,2";
				TEST_HOST = "$(BUILT_PRODUCTS_DIR)/TheMovieDB.app/$(BUNDLE_EXECUTABLE_FOLDER_PATH)/TheMovieDB";
			};
			name = Debug;
		};
		805F1C7C2BA10C39004A700E /* Release */ = {
			isa = XCBuildConfiguration;
			buildSettings = {
				ALWAYS_EMBED_SWIFT_STANDARD_LIBRARIES = YES;
				BUNDLE_LOADER = "$(TEST_HOST)";
				CODE_SIGN_STYLE = Automatic;
				CURRENT_PROJECT_VERSION = 1;
				DEVELOPMENT_TEAM = JV5TZW38D4;
				GENERATE_INFOPLIST_FILE = YES;
				IPHONEOS_DEPLOYMENT_TARGET = 17.2;
				MARKETING_VERSION = 1.0;
				PRODUCT_BUNDLE_IDENTIFIER = "a-a.com.TheMovieDBTests";
				PRODUCT_NAME = "$(TARGET_NAME)";
				SWIFT_EMIT_LOC_STRINGS = NO;
				SWIFT_VERSION = 5.0;
				TARGETED_DEVICE_FAMILY = "1,2";
				TEST_HOST = "$(BUILT_PRODUCTS_DIR)/TheMovieDB.app/$(BUNDLE_EXECUTABLE_FOLDER_PATH)/TheMovieDB";
			};
			name = Release;
		};
		805F1C7E2BA10C39004A700E /* Debug */ = {
			isa = XCBuildConfiguration;
			buildSettings = {
				ALWAYS_EMBED_SWIFT_STANDARD_LIBRARIES = YES;
				CODE_SIGN_STYLE = Automatic;
				CURRENT_PROJECT_VERSION = 1;
				DEVELOPMENT_TEAM = JV5TZW38D4;
				GENERATE_INFOPLIST_FILE = YES;
				MARKETING_VERSION = 1.0;
				PRODUCT_BUNDLE_IDENTIFIER = "a-a.com.TheMovieDBUITests";
				PRODUCT_NAME = "$(TARGET_NAME)";
				SWIFT_EMIT_LOC_STRINGS = NO;
				SWIFT_VERSION = 5.0;
				TARGETED_DEVICE_FAMILY = "1,2";
				TEST_TARGET_NAME = TheMovieDB;
			};
			name = Debug;
		};
		805F1C7F2BA10C39004A700E /* Release */ = {
			isa = XCBuildConfiguration;
			buildSettings = {
				ALWAYS_EMBED_SWIFT_STANDARD_LIBRARIES = YES;
				CODE_SIGN_STYLE = Automatic;
				CURRENT_PROJECT_VERSION = 1;
				DEVELOPMENT_TEAM = JV5TZW38D4;
				GENERATE_INFOPLIST_FILE = YES;
				MARKETING_VERSION = 1.0;
				PRODUCT_BUNDLE_IDENTIFIER = "a-a.com.TheMovieDBUITests";
				PRODUCT_NAME = "$(TARGET_NAME)";
				SWIFT_EMIT_LOC_STRINGS = NO;
				SWIFT_VERSION = 5.0;
				TARGETED_DEVICE_FAMILY = "1,2";
				TEST_TARGET_NAME = TheMovieDB;
			};
			name = Release;
		};
/* End XCBuildConfiguration section */

/* Begin XCConfigurationList section */
		805F1C482BA10C36004A700E /* Build configuration list for PBXProject "TheMovieDB" */ = {
			isa = XCConfigurationList;
			buildConfigurations = (
				805F1C752BA10C39004A700E /* Debug */,
				805F1C762BA10C39004A700E /* Release */,
			);
			defaultConfigurationIsVisible = 0;
			defaultConfigurationName = Release;
		};
		805F1C772BA10C39004A700E /* Build configuration list for PBXNativeTarget "TheMovieDB" */ = {
			isa = XCConfigurationList;
			buildConfigurations = (
				805F1C782BA10C39004A700E /* Debug */,
				805F1C792BA10C39004A700E /* Release */,
			);
			defaultConfigurationIsVisible = 0;
			defaultConfigurationName = Release;
		};
		805F1C7A2BA10C39004A700E /* Build configuration list for PBXNativeTarget "TheMovieDBTests" */ = {
			isa = XCConfigurationList;
			buildConfigurations = (
				805F1C7B2BA10C39004A700E /* Debug */,
				805F1C7C2BA10C39004A700E /* Release */,
			);
			defaultConfigurationIsVisible = 0;
			defaultConfigurationName = Release;
		};
		805F1C7D2BA10C39004A700E /* Build configuration list for PBXNativeTarget "TheMovieDBUITests" */ = {
			isa = XCConfigurationList;
			buildConfigurations = (
				805F1C7E2BA10C39004A700E /* Debug */,
				805F1C7F2BA10C39004A700E /* Release */,
			);
			defaultConfigurationIsVisible = 0;
			defaultConfigurationName = Release;
		};
/* End XCConfigurationList section */
	};
	rootObject = 805F1C452BA10C36004A700E /* Project object */;
}
